
Microsoft Visual Studio Solution File, Format Version 12.00
# Visual Studio Version 17
VisualStudioVersion = 17.7.34031.279
MinimumVisualStudioVersion = 10.0.40219.1
Project("{FAE04EC0-301F-11D3-BF4B-00C04F79EFBC}") = "ASPNETCoreWebAppSecurity", "ASPNETCoreWebAppSecurity\ASPNETCoreWebAppSecurity.csproj", "{EFE930E5-6103-41C5-BA41-330ED39FDCF5}"
EndProject
Global
	GlobalSection(SolutionConfigurationPlatforms) = preSolution
		Debug|Any CPU = Debug|Any CPU
		Release|Any CPU = Release|Any CPU
	EndGlobalSection
	GlobalSection(ProjectConfigurationPlatforms) = postSolution
		{EFE930E5-6103-41C5-BA41-330ED39FDCF5}.Debug|Any CPU.ActiveCfg = Debug|Any CPU
		{EFE930E5-6103-41C5-BA41-330ED39FDCF5}.Debug|Any CPU.Build.0 = Debug|Any CPU
		{EFE930E5-6103-41C5-BA41-330ED39FDCF5}.Release|Any CPU.ActiveCfg = Release|Any CPU
		{EFE930E5-6103-41C5-BA41-330ED39FDCF5}.Release|Any CPU.Build.0 = Release|Any CPU
	EndGlobalSection
	GlobalSection(SolutionProperties) = preSolution
		HideSolutionNode = FALSE
	EndGlobalSection
	GlobalSection(ExtensibilityGlobals) = postSolution
		SolutionGuid = {2332BB82-CE57-4529-84F0-38A64EEFD0C1}
	EndGlobalSection
EndGlobal
